{
  "version": 4,
  "terraform_version": "1.14.3",
  "serial": 29,
  "lineage": "c4c373fe-0eb4-ad18-17d6-ae41ccb3e1cd",
  "outputs": {
    "resource_group_name": {
      "value": "HomiesResourceGroup",
      "type": "string"
    },
    "sql_server_fqdn": {
      "value": "homies-sql-server.database.windows.net",
      "type": "string"
    },
    "webapp_name": {
      "value": "homies-web-app",
      "type": "string"
    },
    "webapp_url": {
      "value": "https://homies-web-app.azurewebsites.net",
      "type": "string"
    }
  },
  "resources": [
    {
      "mode": "managed",
      "type": "azurerm_mssql_database",
      "name": "db",
      "provider": "provider[\"registry.terraform.io/hashicorp/azurerm\"]",
      "instances": [
        {
          "schema_version": 1,
          "attributes": {
            "auto_pause_delay_in_minutes": 0,
            "collation": "SQL_Latin1_General_CP1_CI_AS",
            "create_mode": "Default",
            "creation_source_database_id": null,
            "elastic_pool_id": "",
            "enclave_type": "",
            "geo_backup_enabled": true,
            "id": "/subscriptions/545cb757-e2b5-4385-bdf3-dadedd7c1a0f/resourceGroups/HomiesResourceGroup/providers/Microsoft.Sql/servers/homies-sql-server/databases/HomiesDb",
            "identity": [],
            "import": [],
            "ledger_enabled": false,
            "license_type": "",
            "long_term_retention_policy": [
              {
                "immutable_backups_enabled": false,
                "monthly_retention": "PT0S",
                "week_of_year": 1,
                "weekly_retention": "PT0S",
                "yearly_retention": "PT0S"
              }
            ],
            "maintenance_configuration_name": "SQL_Default",
            "max_size_gb": 2,
            "min_capacity": 0,
            "name": "HomiesDb",
            "read_replica_count": 0,
            "read_scale": false,
            "recover_database_id": null,
            "recovery_point_id": null,
            "restore_dropped_database_id": null,
            "restore_long_term_retention_backup_id": null,
            "restore_point_in_time": null,
            "sample_name": null,
            "secondary_type": "",
            "server_id": "/subscriptions/545cb757-e2b5-4385-bdf3-dadedd7c1a0f/resourceGroups/HomiesResourceGroup/providers/Microsoft.Sql/servers/homies-sql-server",
            "short_term_retention_policy": [
              {
                "backup_interval_in_hours": 24,
                "retention_days": 7
              }
            ],
            "sku_name": "Basic",
            "storage_account_type": "Geo",
            "tags": null,
            "threat_detection_policy": [
              {
                "disabled_alerts": [],
                "email_account_admins": "Disabled",
                "email_addresses": [],
                "retention_days": 0,
                "state": "Disabled",
                "storage_account_access_key": "",
                "storage_endpoint": ""
              }
            ],
            "timeouts": null,
            "transparent_data_encryption_enabled": true,
            "transparent_data_encryption_key_automatic_rotation_enabled": false,
            "transparent_data_encryption_key_vault_key_id": "",
            "zone_redundant": false
          },
          "sensitive_attributes": [
            [
              {
                "type": "get_attr",
                "value": "threat_detection_policy"
              },
              {
                "type": "index",
                "value": {
                  "value": 0,
                  "type": "number"
                }
              },
              {
                "type": "get_attr",
                "value": "storage_account_access_key"
              }
            ]
          ],
          "identity_schema_version": 0,
          "private": "eyJlMmJmYjczMC1lY2FhLTExZTYtOGY4OC0zNDM2M2JjN2M0YzAiOnsiY3JlYXRlIjozNjAwMDAwMDAwMDAwLCJkZWxldGUiOjM2MDAwMDAwMDAwMDAsInJlYWQiOjMwMDAwMDAwMDAwMCwidXBkYXRlIjozNjAwMDAwMDAwMDAwfSwic2NoZW1hX3ZlcnNpb24iOiIxIn0=",
          "dependencies": [
            "azurerm_mssql_server.sql",
            "azurerm_resource_group.rg",
            "time_sleep.wait_for_sql_server"
          ]
        }
      ]
    },
    {
      "mode": "managed",
      "type": "azurerm_mssql_firewall_rule",
      "name": "allow_azure",
      "provider": "provider[\"registry.terraform.io/hashicorp/azurerm\"]",
      "instances": [
        {
          "schema_version": 0,
          "attributes": {
            "end_ip_address": "0.0.0.0",
            "id": "/subscriptions/545cb757-e2b5-4385-bdf3-dadedd7c1a0f/resourceGroups/HomiesResourceGroup/providers/Microsoft.Sql/servers/homies-sql-server/firewallRules/AllowAzureServices",
            "name": "AllowAzureServices",
            "server_id": "/subscriptions/545cb757-e2b5-4385-bdf3-dadedd7c1a0f/resourceGroups/HomiesResourceGroup/providers/Microsoft.Sql/servers/homies-sql-server",
            "start_ip_address": "0.0.0.0",
            "timeouts": null
          },
          "sensitive_attributes": [],
          "identity_schema_version": 0,
          "private": "eyJlMmJmYjczMC1lY2FhLTExZTYtOGY4OC0zNDM2M2JjN2M0YzAiOnsiY3JlYXRlIjoxODAwMDAwMDAwMDAwLCJkZWxldGUiOjE4MDAwMDAwMDAwMDAsInJlYWQiOjMwMDAwMDAwMDAwMCwidXBkYXRlIjoxODAwMDAwMDAwMDAwfX0=",
          "dependencies": [
            "azurerm_mssql_server.sql",
            "azurerm_resource_group.rg"
          ]
        }
      ]
    },
    {
      "mode": "managed",
      "type": "azurerm_mssql_server",
      "name": "sql",
      "provider": "provider[\"registry.terraform.io/hashicorp/azurerm\"]",
      "instances": [
        {
          "schema_version": 0,
          "attributes": {
            "administrator_login": "homiesadmin",
            "administrator_login_password": "myStrongPassword12#",
            "azuread_administrator": [],
            "connection_policy": "Default",
            "fully_qualified_domain_name": "homies-sql-server.database.windows.net",
            "id": "/subscriptions/545cb757-e2b5-4385-bdf3-dadedd7c1a0f/resourceGroups/HomiesResourceGroup/providers/Microsoft.Sql/servers/homies-sql-server",
            "identity": [],
            "location": "germanywestcentral",
            "minimum_tls_version": "1.2",
            "name": "homies-sql-server",
            "outbound_network_restriction_enabled": false,
            "primary_user_assigned_identity_id": "",
            "public_network_access_enabled": true,
            "resource_group_name": "HomiesResourceGroup",
            "restorable_dropped_database_ids": [],
            "tags": null,
            "timeouts": null,
            "transparent_data_encryption_key_vault_key_id": "",
            "version": "12.0"
          },
          "sensitive_attributes": [
            [
              {
                "type": "get_attr",
                "value": "administrator_login_password"
              }
            ]
          ],
          "identity_schema_version": 0,
          "private": "eyJlMmJmYjczMC1lY2FhLTExZTYtOGY4OC0zNDM2M2JjN2M0YzAiOnsiY3JlYXRlIjozNjAwMDAwMDAwMDAwLCJkZWxldGUiOjM2MDAwMDAwMDAwMDAsInJlYWQiOjMwMDAwMDAwMDAwMCwidXBkYXRlIjozNjAwMDAwMDAwMDAwfX0=",
          "dependencies": [
            "azurerm_resource_group.rg"
          ]
        }
      ]
    },
    {
      "mode": "managed",
      "type": "azurerm_resource_group",
      "name": "rg",
      "provider": "provider[\"registry.terraform.io/hashicorp/azurerm\"]",
      "instances": [
        {
          "schema_version": 0,
          "attributes": {
            "id": "/subscriptions/545cb757-e2b5-4385-bdf3-dadedd7c1a0f/resourceGroups/HomiesResourceGroup",
            "location": "germanywestcentral",
            "managed_by": "",
            "name": "HomiesResourceGroup",
            "tags": null,
            "timeouts": null
          },
          "sensitive_attributes": [],
          "identity_schema_version": 0,
          "private": "eyJlMmJmYjczMC1lY2FhLTExZTYtOGY4OC0zNDM2M2JjN2M0YzAiOnsiY3JlYXRlIjo1NDAwMDAwMDAwMDAwLCJkZWxldGUiOjU0MDAwMDAwMDAwMDAsInJlYWQiOjMwMDAwMDAwMDAwMCwidXBkYXRlIjo1NDAwMDAwMDAwMDAwfX0="
        }
      ]
    },
    {
      "mode": "managed",
      "type": "azurerm_service_plan",
      "name": "asp",
      "provider": "provider[\"registry.terraform.io/hashicorp/azurerm\"]",
      "instances": [
        {
          "schema_version": 1,
          "attributes": {
            "app_service_environment_id": "",
            "id": "/subscriptions/545cb757-e2b5-4385-bdf3-dadedd7c1a0f/resourceGroups/HomiesResourceGroup/providers/Microsoft.Web/serverFarms/homies-app-service-plan",
            "kind": "app",
            "location": "germanywestcentral",
            "maximum_elastic_worker_count": 1,
            "name": "homies-app-service-plan",
            "os_type": "Windows",
            "per_site_scaling_enabled": false,
            "reserved": false,
            "resource_group_name": "HomiesResourceGroup",
            "sku_name": "F1",
            "tags": null,
            "timeouts": null,
            "worker_count": 0,
            "zone_balancing_enabled": false
          },
          "sensitive_attributes": [],
          "identity_schema_version": 0,
          "private": "eyJlMmJmYjczMC1lY2FhLTExZTYtOGY4OC0zNDM2M2JjN2M0YzAiOnsiY3JlYXRlIjozNjAwMDAwMDAwMDAwLCJkZWxldGUiOjM2MDAwMDAwMDAwMDAsInJlYWQiOjMwMDAwMDAwMDAwMCwidXBkYXRlIjozNjAwMDAwMDAwMDAwfSwic2NoZW1hX3ZlcnNpb24iOiIxIn0=",
          "dependencies": [
            "azurerm_resource_group.rg"
          ]
        }
      ]
    },
    {
      "mode": "managed",
      "type": "azurerm_windows_web_app",
      "name": "webapp",
      "provider": "provider[\"registry.terraform.io/hashicorp/azurerm\"]",
      "instances": [
        {
          "schema_version": 1,
          "attributes": {
            "app_settings": {
              "WEBSITE_RUN_FROM_PACKAGE": "1"
            },
            "auth_settings": [],
            "auth_settings_v2": [],
            "backup": [],
            "client_affinity_enabled": false,
            "client_certificate_enabled": false,
            "client_certificate_exclusion_paths": "",
            "client_certificate_mode": "Required",
            "connection_string": [
              {
                "name": "DefaultConnection",
                "type": "SQLAzure",
                "value": "Server=tcp:homies-sql-server.database.windows.net,1433;Initial Catalog=HomiesDb;Persist Security Info=False;User ID=homiesadmin;Password=myStrongPassword12#;MultipleActiveResultSets=True;Encrypt=True;TrustServerCertificate=False;Connection Timeout=30;"
              }
            ],
            "custom_domain_verification_id": "A8FA3327BED7860015FEF437574D25F236D4403F80EDF3E7BE94802965A1E143",
            "default_hostname": "homies-web-app.azurewebsites.net",
            "enabled": true,
            "ftp_publish_basic_authentication_enabled": true,
            "hosting_environment_id": "",
            "https_only": false,
            "id": "/subscriptions/545cb757-e2b5-4385-bdf3-dadedd7c1a0f/resourceGroups/HomiesResourceGroup/providers/Microsoft.Web/sites/homies-web-app",
            "identity": [],
            "key_vault_reference_identity_id": "SystemAssigned",
            "kind": "app",
            "location": "germanywestcentral",
            "logs": [],
            "name": "homies-web-app",
            "outbound_ip_address_list": [
              "131.189.235.19",
              "20.79.106.0"
            ],
            "outbound_ip_addresses": "131.189.235.19,20.79.106.0",
            "possible_outbound_ip_address_list": [
              "131.189.138.255",
              "131.189.177.136",
              "131.189.139.0",
              "131.189.147.255",
              "131.189.255.32",
              "131.189.162.251",
              "131.189.242.211",
              "131.189.177.186",
              "131.189.158.38",
              "131.189.158.100",
              "131.189.158.103",
              "131.189.139.52",
              "131.189.170.46",
              "131.189.139.56",
              "131.189.170.49",
              "131.189.163.101",
              "131.189.242.157",
              "131.189.242.178",
              "131.189.235.19",
              "131.189.163.44",
              "131.189.145.219",
              "131.189.177.105",
              "131.189.170.11",
              "131.189.163.79",
              "131.189.226.152",
              "131.189.137.215",
              "131.189.226.224",
              "131.189.137.228",
              "131.189.226.226",
              "131.189.163.98",
              "131.189.186.68",
              "131.189.138.125",
              "131.189.138.171",
              "131.189.242.206",
              "131.189.233.26",
              "131.189.234.22",
              "131.189.226.242",
              "131.189.128.135",
              "131.189.146.189",
              "131.189.158.216",
              "131.189.147.142",
              "131.189.176.172",
              "131.189.185.150",
              "20.79.106.0"
            ],
            "possible_outbound_ip_addresses": "131.189.138.255,131.189.177.136,131.189.139.0,131.189.147.255,131.189.255.32,131.189.162.251,131.189.242.211,131.189.177.186,131.189.158.38,131.189.158.100,131.189.158.103,131.189.139.52,131.189.170.46,131.189.139.56,131.189.170.49,131.189.163.101,131.189.242.157,131.189.242.178,131.189.235.19,131.189.163.44,131.189.145.219,131.189.177.105,131.189.170.11,131.189.163.79,131.189.226.152,131.189.137.215,131.189.226.224,131.189.137.228,131.189.226.226,131.189.163.98,131.189.186.68,131.189.138.125,131.189.138.171,131.189.242.206,131.189.233.26,131.189.234.22,131.189.226.242,131.189.128.135,131.189.146.189,131.189.158.216,131.189.147.142,131.189.176.172,131.189.185.150,20.79.106.0",
            "public_network_access_enabled": true,
            "resource_group_name": "HomiesResourceGroup",
            "service_plan_id": "/subscriptions/545cb757-e2b5-4385-bdf3-dadedd7c1a0f/resourceGroups/HomiesResourceGroup/providers/Microsoft.Web/serverFarms/homies-app-service-plan",
            "site_config": [
              {
                "always_on": false,
                "api_definition_url": "",
                "api_management_api_id": "",
                "app_command_line": "",
                "application_stack": [
                  {
                    "current_stack": "",
                    "docker_container_name": "",
                    "docker_container_registry": "",
                    "docker_container_tag": "",
                    "docker_image_name": "",
                    "docker_registry_password": "",
                    "docker_registry_url": "",
                    "docker_registry_username": "",
                    "dotnet_core_version": "",
                    "dotnet_version": "v6.0",
                    "java_container": "",
                    "java_container_version": "",
                    "java_embedded_server_enabled": false,
                    "java_version": "",
                    "node_version": "",
                    "php_version": "5.6",
                    "python": false,
                    "python_version": "",
                    "tomcat_version": ""
                  }
                ],
                "auto_heal_enabled": false,
                "auto_heal_setting": [],
                "container_registry_managed_identity_client_id": "",
                "container_registry_use_managed_identity": false,
                "cors": [],
                "default_documents": [
                  "Default.htm",
                  "Default.html",
                  "Default.asp",
                  "index.htm",
                  "index.html",
                  "iisstart.htm",
                  "default.aspx",
                  "index.php",
                  "hostingstart.html"
                ],
                "detailed_error_logging_enabled": false,
                "ftps_state": "Disabled",
                "handler_mapping": [],
                "health_check_eviction_time_in_min": 0,
                "health_check_path": "",
                "http2_enabled": false,
                "ip_restriction": [],
                "ip_restriction_default_action": "Allow",
                "linux_fx_version": "",
                "load_balancing_mode": "LeastRequests",
                "local_mysql_enabled": false,
                "managed_pipeline_mode": "Integrated",
                "minimum_tls_version": "1.2",
                "remote_debugging_enabled": false,
                "remote_debugging_version": "VS2022",
                "scm_ip_restriction": [],
                "scm_ip_restriction_default_action": "Allow",
                "scm_minimum_tls_version": "1.2",
                "scm_type": "None",
                "scm_use_main_ip_restriction": false,
                "use_32_bit_worker": true,
                "virtual_application": [],
                "vnet_route_all_enabled": false,
                "websockets_enabled": false,
                "windows_fx_version": "",
                "worker_count": 1
              }
            ],
            "site_credential": [
              {
                "name": "$homies-web-app",
                "password": "4GMnLRoFHvF6R5tWCuruD9w0uCRcXHprexSZZBvrZ9QdaXqrWhXAHQfgyRjn"
              }
            ],
            "sticky_settings": [],
            "storage_account": [],
            "tags": null,
            "timeouts": null,
            "virtual_network_subnet_id": "",
            "webdeploy_publish_basic_authentication_enabled": true,
            "zip_deploy_file": ""
          },
          "sensitive_attributes": [
            [
              {
                "type": "get_attr",
                "value": "connection_string"
              }
            ],
            [
              {
                "type": "get_attr",
                "value": "custom_domain_verification_id"
              }
            ],
            [
              {
                "type": "get_attr",
                "value": "site_config"
              },
              {
                "type": "index",
                "value": {
                  "value": 0,
                  "type": "number"
                }
              },
              {
                "type": "get_attr",
                "value": "application_stack"
              },
              {
                "type": "index",
                "value": {
                  "value": 0,
                  "type": "number"
                }
              },
              {
                "type": "get_attr",
                "value": "docker_registry_password"
              }
            ],
            [
              {
                "type": "get_attr",
                "value": "site_credential"
              }
            ]
          ],
          "identity_schema_version": 0,
          "private": "eyJlMmJmYjczMC1lY2FhLTExZTYtOGY4OC0zNDM2M2JjN2M0YzAiOnsiY3JlYXRlIjoxODAwMDAwMDAwMDAwLCJkZWxldGUiOjE4MDAwMDAwMDAwMDAsInJlYWQiOjMwMDAwMDAwMDAwMCwidXBkYXRlIjoxODAwMDAwMDAwMDAwfSwic2NoZW1hX3ZlcnNpb24iOiIxIn0=",
          "dependencies": [
            "azurerm_mssql_database.db",
            "azurerm_mssql_server.sql",
            "azurerm_resource_group.rg",
            "azurerm_service_plan.asp",
            "time_sleep.wait_for_sql_server"
          ]
        }
      ]
    },
    {
      "mode": "managed",
      "type": "time_sleep",
      "name": "wait_for_sql_server",
      "provider": "provider[\"registry.terraform.io/hashicorp/time\"]",
      "instances": [
        {
          "schema_version": 0,
          "attributes": {
            "create_duration": "30s",
            "destroy_duration": null,
            "id": "2025-12-19T11:19:01Z",
            "triggers": null
          },
          "sensitive_attributes": [],
          "identity_schema_version": 0,
          "dependencies": [
            "azurerm_mssql_server.sql",
            "azurerm_resource_group.rg"
          ]
        }
      ]
    }
  ],
  "check_results": null
}
