{
  "version": 4,
  "terraform_version": "1.14.3",
  "serial": 20,
  "lineage": "c4c373fe-0eb4-ad18-17d6-ae41ccb3e1cd",
  "outputs": {
    "resource_group_name": {
      "value": "HomiesResourceGroup",
      "type": "string"
    },
    "sql_server_fqdn": {
      "value": "homies-sql-server.database.windows.net",
      "type": "string"
    },
    "webapp_name": {
      "value": "homies-web-app",
      "type": "string"
    }
  },
  "resources": [
    {
      "mode": "managed",
      "type": "azurerm_resource_group",
      "name": "rg",
      "provider": "provider[\"registry.terraform.io/hashicorp/azurerm\"]",
      "instances": [
        {
          "schema_version": 0,
          "attributes": {
            "id": "/subscriptions/545cb757-e2b5-4385-bdf3-dadedd7c1a0f/resourceGroups/HomiesResourceGroup",
            "location": "germanywestcentral",
            "managed_by": "",
            "name": "HomiesResourceGroup",
            "tags": {},
            "timeouts": null
          },
          "sensitive_attributes": [],
          "identity_schema_version": 0,
          "private": "eyJlMmJmYjczMC1lY2FhLTExZTYtOGY4OC0zNDM2M2JjN2M0YzAiOnsiY3JlYXRlIjo1NDAwMDAwMDAwMDAwLCJkZWxldGUiOjU0MDAwMDAwMDAwMDAsInJlYWQiOjMwMDAwMDAwMDAwMCwidXBkYXRlIjo1NDAwMDAwMDAwMDAwfX0="
        }
      ]
    },
    {
      "mode": "managed",
      "type": "azurerm_service_plan",
      "name": "asp",
      "provider": "provider[\"registry.terraform.io/hashicorp/azurerm\"]",
      "instances": [
        {
          "schema_version": 1,
          "attributes": {
            "app_service_environment_id": "",
            "id": "/subscriptions/545cb757-e2b5-4385-bdf3-dadedd7c1a0f/resourceGroups/HomiesResourceGroup/providers/Microsoft.Web/serverFarms/homies-app-service-plan",
            "kind": "app",
            "location": "germanywestcentral",
            "maximum_elastic_worker_count": 1,
            "name": "homies-app-service-plan",
            "os_type": "Windows",
            "per_site_scaling_enabled": false,
            "reserved": false,
            "resource_group_name": "HomiesResourceGroup",
            "sku_name": "F1",
            "tags": {},
            "timeouts": null,
            "worker_count": 0,
            "zone_balancing_enabled": false
          },
          "sensitive_attributes": [],
          "identity_schema_version": 0,
          "private": "eyJlMmJmYjczMC1lY2FhLTExZTYtOGY4OC0zNDM2M2JjN2M0YzAiOnsiY3JlYXRlIjozNjAwMDAwMDAwMDAwLCJkZWxldGUiOjM2MDAwMDAwMDAwMDAsInJlYWQiOjMwMDAwMDAwMDAwMCwidXBkYXRlIjozNjAwMDAwMDAwMDAwfSwic2NoZW1hX3ZlcnNpb24iOiIxIn0=",
          "dependencies": [
            "azurerm_resource_group.rg"
          ]
        }
      ]
    }
  ],
  "check_results": null
}
